<Solution>
  <Project Path="GrannyRacer.Runtime.csproj" />
  <Project Path="GrannyRacer.Tests.EditMode.csproj" />
  <Project Path="Assembly-CSharp-Editor.csproj" />
  <Project Path="GrannyRacer.Tests.PlayMode.csproj" />
  <Project Path="GrannyRacer.Editor.csproj" />
  <Project Path="Assembly-CSharp.csproj" />
</Solution>
